
Microsoft Visual Studio Solution File, Format Version 12.00
# Visual Studio Version 17
VisualStudioVersion = 17.3.32901.215
MinimumVisualStudioVersion = 10.0.40219.1
Project("{FAE04EC0-301F-11D3-BF4B-00C04F79EFBC}") = "Ej2Cs", "Ej2Cs\Ej2Cs.csproj", "{501B0F5C-626F-4A62-BA71-59A8D4AAE296}"
EndProject
Global
	GlobalSection(SolutionConfigurationPlatforms) = preSolution
		Debug|Any CPU = Debug|Any CPU
		Release|Any CPU = Release|Any CPU
	EndGlobalSection
	GlobalSection(ProjectConfigurationPlatforms) = postSolution
		{501B0F5C-626F-4A62-BA71-59A8D4AAE296}.Debug|Any CPU.ActiveCfg = Debug|Any CPU
		{501B0F5C-626F-4A62-BA71-59A8D4AAE296}.Debug|Any CPU.Build.0 = Debug|Any CPU
		{501B0F5C-626F-4A62-BA71-59A8D4AAE296}.Release|Any CPU.ActiveCfg = Release|Any CPU
		{501B0F5C-626F-4A62-BA71-59A8D4AAE296}.Release|Any CPU.Build.0 = Release|Any CPU
	EndGlobalSection
	GlobalSection(SolutionProperties) = preSolution
		HideSolutionNode = FALSE
	EndGlobalSection
	GlobalSection(ExtensibilityGlobals) = postSolution
		SolutionGuid = {AA332D7F-482F-4A51-9500-76E2A2690E57}
	EndGlobalSection
EndGlobal
