
Microsoft Visual Studio Solution File, Format Version 12.00
# Visual Studio Version 17
VisualStudioVersion = 17.3.32901.215
MinimumVisualStudioVersion = 10.0.40219.1
Project("{FAE04EC0-301F-11D3-BF4B-00C04F79EFBC}") = "PrimerosEjercicios", "PrimerosEjercicios\PrimerosEjercicios.csproj", "{051A7673-6F81-4577-A23F-708C03551A03}"
EndProject
Project("{FAE04EC0-301F-11D3-BF4B-00C04F79EFBC}") = "Figura", "Figura\Figura.csproj", "{3E18D2C1-4B0A-4740-87D1-9EAEF7A6EC77}"
EndProject
Global
	GlobalSection(SolutionConfigurationPlatforms) = preSolution
		Debug|Any CPU = Debug|Any CPU
		Release|Any CPU = Release|Any CPU
	EndGlobalSection
	GlobalSection(ProjectConfigurationPlatforms) = postSolution
		{051A7673-6F81-4577-A23F-708C03551A03}.Debug|Any CPU.ActiveCfg = Debug|Any CPU
		{051A7673-6F81-4577-A23F-708C03551A03}.Debug|Any CPU.Build.0 = Debug|Any CPU
		{051A7673-6F81-4577-A23F-708C03551A03}.Release|Any CPU.ActiveCfg = Release|Any CPU
		{051A7673-6F81-4577-A23F-708C03551A03}.Release|Any CPU.Build.0 = Release|Any CPU
		{3E18D2C1-4B0A-4740-87D1-9EAEF7A6EC77}.Debug|Any CPU.ActiveCfg = Debug|Any CPU
		{3E18D2C1-4B0A-4740-87D1-9EAEF7A6EC77}.Debug|Any CPU.Build.0 = Debug|Any CPU
		{3E18D2C1-4B0A-4740-87D1-9EAEF7A6EC77}.Release|Any CPU.ActiveCfg = Release|Any CPU
		{3E18D2C1-4B0A-4740-87D1-9EAEF7A6EC77}.Release|Any CPU.Build.0 = Release|Any CPU
	EndGlobalSection
	GlobalSection(SolutionProperties) = preSolution
		HideSolutionNode = FALSE
	EndGlobalSection
	GlobalSection(ExtensibilityGlobals) = postSolution
		SolutionGuid = {E02BB4F2-C823-4F6D-BF65-A54627E612B1}
	EndGlobalSection
EndGlobal
