
Microsoft Visual Studio Solution File, Format Version 12.00
# Visual Studio Version 17
VisualStudioVersion = 17.3.32901.215
MinimumVisualStudioVersion = 10.0.40219.1
Project("{FAE04EC0-301F-11D3-BF4B-00C04F79EFBC}") = "Ej1", "Ej1\Ej1.csproj", "{7EBE62A2-FBB6-40F8-A497-FB2952E189FC}"
EndProject
Global
	GlobalSection(SolutionConfigurationPlatforms) = preSolution
		Debug|Any CPU = Debug|Any CPU
		Release|Any CPU = Release|Any CPU
	EndGlobalSection
	GlobalSection(ProjectConfigurationPlatforms) = postSolution
		{7EBE62A2-FBB6-40F8-A497-FB2952E189FC}.Debug|Any CPU.ActiveCfg = Debug|Any CPU
		{7EBE62A2-FBB6-40F8-A497-FB2952E189FC}.Debug|Any CPU.Build.0 = Debug|Any CPU
		{7EBE62A2-FBB6-40F8-A497-FB2952E189FC}.Release|Any CPU.ActiveCfg = Release|Any CPU
		{7EBE62A2-FBB6-40F8-A497-FB2952E189FC}.Release|Any CPU.Build.0 = Release|Any CPU
	EndGlobalSection
	GlobalSection(SolutionProperties) = preSolution
		HideSolutionNode = FALSE
	EndGlobalSection
	GlobalSection(ExtensibilityGlobals) = postSolution
		SolutionGuid = {D74D0477-D19B-4017-8232-D4D87519CE38}
	EndGlobalSection
EndGlobal
