
Microsoft Visual Studio Solution File, Format Version 12.00
# Visual Studio Version 17
VisualStudioVersion = 17.3.32901.215
MinimumVisualStudioVersion = 10.0.40219.1
Project("{FAE04EC0-301F-11D3-BF4B-00C04F79EFBC}") = "Ej2", "Ej2\Ej2.csproj", "{7F547FCE-4EE8-4758-9BB9-9746F12B7213}"
EndProject
Global
	GlobalSection(SolutionConfigurationPlatforms) = preSolution
		Debug|Any CPU = Debug|Any CPU
		Release|Any CPU = Release|Any CPU
	EndGlobalSection
	GlobalSection(ProjectConfigurationPlatforms) = postSolution
		{7F547FCE-4EE8-4758-9BB9-9746F12B7213}.Debug|Any CPU.ActiveCfg = Debug|Any CPU
		{7F547FCE-4EE8-4758-9BB9-9746F12B7213}.Debug|Any CPU.Build.0 = Debug|Any CPU
		{7F547FCE-4EE8-4758-9BB9-9746F12B7213}.Release|Any CPU.ActiveCfg = Release|Any CPU
		{7F547FCE-4EE8-4758-9BB9-9746F12B7213}.Release|Any CPU.Build.0 = Release|Any CPU
	EndGlobalSection
	GlobalSection(SolutionProperties) = preSolution
		HideSolutionNode = FALSE
	EndGlobalSection
	GlobalSection(ExtensibilityGlobals) = postSolution
		SolutionGuid = {2DCB1B42-C601-49F8-BACF-29350AB2393D}
	EndGlobalSection
EndGlobal
